
Microsoft Visual Studio Solution File, Format Version 12.00
# Visual Studio 2012
Project("{FAE04EC0-301F-11D3-BF4B-00C04F79EFBC}") = "MTNBachUpHTTP1v2", "MTNBachUpHTTP1v2\MTNBachUpHTTP1v2.csproj", "{F322F7BA-736F-450D-ACB1-9082BA1A169D}"
EndProject
Global
	GlobalSection(SolutionConfigurationPlatforms) = preSolution
		Debug|Any CPU = Debug|Any CPU
		Release|Any CPU = Release|Any CPU
	EndGlobalSection
	GlobalSection(ProjectConfigurationPlatforms) = postSolution
		{F322F7BA-736F-450D-ACB1-9082BA1A169D}.Debug|Any CPU.ActiveCfg = Debug|Any CPU
		{F322F7BA-736F-450D-ACB1-9082BA1A169D}.Debug|Any CPU.Build.0 = Debug|Any CPU
		{F322F7BA-736F-450D-ACB1-9082BA1A169D}.Release|Any CPU.ActiveCfg = Release|Any CPU
		{F322F7BA-736F-450D-ACB1-9082BA1A169D}.Release|Any CPU.Build.0 = Release|Any CPU
	EndGlobalSection
	GlobalSection(SolutionProperties) = preSolution
		HideSolutionNode = FALSE
	EndGlobalSection
EndGlobal
